// !$*UTF8*$!
{
	archiveVersion = 1;
	classes = {
	};
	objectVersion = 50;
	objects = {

/* Begin PBXBuildFile section */
		673137B02113094800839DD0 /* AppDelegate.swift in Sources */ = {isa = PBXBuildFile; fileRef = 673137AF2113094800839DD0 /* AppDelegate.swift */; };
		673137B22113094800839DD0 /* ViewController.swift in Sources */ = {isa = PBXBuildFile; fileRef = 673137B12113094800839DD0 /* ViewController.swift */; };
		673137B52113094800839DD0 /* Main.storyboard in Resources */ = {isa = PBXBuildFile; fileRef = 673137B32113094800839DD0 /* Main.storyboard */; };
		673137B72113094B00839DD0 /* Assets.xcassets in Resources */ = {isa = PBXBuildFile; fileRef = 673137B62113094B00839DD0 /* Assets.xcassets */; };
		673137BA2113094B00839DD0 /* LaunchScreen.storyboard in Resources */ = {isa = PBXBuildFile; fileRef = 673137B82113094B00839DD0 /* LaunchScreen.storyboard */; };
		673137C821135B0500839DD0 /* TestForCircleCiTests.swift in Sources */ = {isa = PBXBuildFile; fileRef = 673137C721135B0500839DD0 /* TestForCircleCiTests.swift */; };
		856CCF3AC3011E17AF76C8D5 /* Pods_TestForCircleCi.framework in Frameworks */ = {isa = PBXBuildFile; fileRef = 3E1C7DC3B47A58D63C16F06C /* Pods_TestForCircleCi.framework */; };
		D5540A0F375AB6437EF42669 /* Pods_TestForCircleCiTests.framework in Frameworks */ = {isa = PBXBuildFile; fileRef = 762776C03F38431BADF660A3 /* Pods_TestForCircleCiTests.framework */; };
/* End PBXBuildFile section */

/* Begin PBXContainerItemProxy section */
		673137CA21135B0500839DD0 /* PBXContainerItemProxy */ = {
			isa = PBXContainerItemProxy;
			containerPortal = 673137A42113094800839DD0 /* Project object */;
			proxyType = 1;
			remoteGlobalIDString = 673137AB2113094800839DD0;
			remoteInfo = TestForCircleCi;
		};
/* End PBXContainerItemProxy section */

/* Begin PBXFileReference section */
		3E1C7DC3B47A58D63C16F06C /* Pods_TestForCircleCi.framework */ = {isa = PBXFileReference; explicitFileType = wrapper.framework; includeInIndex = 0; path = Pods_TestForCircleCi.framework; sourceTree = BUILT_PRODUCTS_DIR; };
		673137AC2113094800839DD0 /* TestForCircleCi.app */ = {isa = PBXFileReference; explicitFileType = wrapper.application; includeInIndex = 0; path = TestForCircleCi.app; sourceTree = BUILT_PRODUCTS_DIR; };
		673137AF2113094800839DD0 /* AppDelegate.swift */ = {isa = PBXFileReference; lastKnownFileType = sourcecode.swift; path = AppDelegate.swift; sourceTree = "<group>"; };
		673137B12113094800839DD0 /* ViewController.swift */ = {isa = PBXFileReference; lastKnownFileType = sourcecode.swift; path = ViewController.swift; sourceTree = "<group>"; };
		673137B42113094800839DD0 /* Base */ = {isa = PBXFileReference; lastKnownFileType = file.storyboard; name = Base; path = Base.lproj/Main.storyboard; sourceTree = "<group>"; };
		673137B62113094B00839DD0 /* Assets.xcassets */ = {isa = PBXFileReference; lastKnownFileType = folder.assetcatalog; path = Assets.xcassets; sourceTree = "<group>"; };
		673137B92113094B00839DD0 /* Base */ = {isa = PBXFileReference; lastKnownFileType = file.storyboard; name = Base; path = Base.lproj/LaunchScreen.storyboard; sourceTree = "<group>"; };
		673137BB2113094C00839DD0 /* Info.plist */ = {isa = PBXFileReference; lastKnownFileType = text.plist.xml; path = Info.plist; sourceTree = "<group>"; };
		673137C521135B0500839DD0 /* TestForCircleCiTests.xctest */ = {isa = PBXFileReference; explicitFileType = wrapper.cfbundle; includeInIndex = 0; path = TestForCircleCiTests.xctest; sourceTree = BUILT_PRODUCTS_DIR; };
		673137C721135B0500839DD0 /* TestForCircleCiTests.swift */ = {isa = PBXFileReference; lastKnownFileType = sourcecode.swift; path = TestForCircleCiTests.swift; sourceTree = "<group>"; };
		673137C921135B0500839DD0 /* Info.plist */ = {isa = PBXFileReference; lastKnownFileType = text.plist.xml; path = Info.plist; sourceTree = "<group>"; };
		762776C03F38431BADF660A3 /* Pods_TestForCircleCiTests.framework */ = {isa = PBXFileReference; explicitFileType = wrapper.framework; includeInIndex = 0; path = Pods_TestForCircleCiTests.framework; sourceTree = BUILT_PRODUCTS_DIR; };
		7B2EB340BA3F6798018481D5 /* Pods-TestForCircleCiTests.release.xcconfig */ = {isa = PBXFileReference; includeInIndex = 1; lastKnownFileType = text.xcconfig; name = "Pods-TestForCircleCiTests.release.xcconfig"; path = "Pods/Target Support Files/Pods-TestForCircleCiTests/Pods-TestForCircleCiTests.release.xcconfig"; sourceTree = "<group>"; };
		957A1134827A8C2913EDA257 /* Pods-TestForCircleCiTests.debug.xcconfig */ = {isa = PBXFileReference; includeInIndex = 1; lastKnownFileType = text.xcconfig; name = "Pods-TestForCircleCiTests.debug.xcconfig"; path = "Pods/Target Support Files/Pods-TestForCircleCiTests/Pods-TestForCircleCiTests.debug.xcconfig"; sourceTree = "<group>"; };
		BF631455E747E08AA62EFC16 /* Pods-TestForCircleCi.debug.xcconfig */ = {isa = PBXFileReference; includeInIndex = 1; lastKnownFileType = text.xcconfig; name = "Pods-TestForCircleCi.debug.xcconfig"; path = "Pods/Target Support Files/Pods-TestForCircleCi/Pods-TestForCircleCi.debug.xcconfig"; sourceTree = "<group>"; };
		E2CFCEE48DA99B16C59D89D8 /* Pods-TestForCircleCi.release.xcconfig */ = {isa = PBXFileReference; includeInIndex = 1; lastKnownFileType = text.xcconfig; name = "Pods-TestForCircleCi.release.xcconfig"; path = "Pods/Target Support Files/Pods-TestForCircleCi/Pods-TestForCircleCi.release.xcconfig"; sourceTree = "<group>"; };
/* End PBXFileReference section */

/* Begin PBXFrameworksBuildPhase section */
		673137A92113094800839DD0 /* Frameworks */ = {
			isa = PBXFrameworksBuildPhase;
			buildActionMask = 2147483647;
			files = (
				856CCF3AC3011E17AF76C8D5 /* Pods_TestForCircleCi.framework in Frameworks */,
			);
			runOnlyForDeploymentPostprocessing = 0;
		};
		673137C221135B0500839DD0 /* Frameworks */ = {
			isa = PBXFrameworksBuildPhase;
			buildActionMask = 2147483647;
			files = (
				D5540A0F375AB6437EF42669 /* Pods_TestForCircleCiTests.framework in Frameworks */,
			);
			runOnlyForDeploymentPostprocessing = 0;
		};
/* End PBXFrameworksBuildPhase section */

/* Begin PBXGroup section */
		673137A32113094800839DD0 = {
			isa = PBXGroup;
			children = (
				673137AE2113094800839DD0 /* TestForCircleCi */,
				673137C621135B0500839DD0 /* TestForCircleCiTests */,
				673137AD2113094800839DD0 /* Products */,
				D40107981AFC226C9094D45A /* Pods */,
				976C5DF19F15C4414A024271 /* Frameworks */,
			);
			sourceTree = "<group>";
		};
		673137AD2113094800839DD0 /* Products */ = {
			isa = PBXGroup;
			children = (
				673137AC2113094800839DD0 /* TestForCircleCi.app */,
				673137C521135B0500839DD0 /* TestForCircleCiTests.xctest */,
			);
			name = Products;
			sourceTree = "<group>";
		};
		673137AE2113094800839DD0 /* TestForCircleCi */ = {
			isa = PBXGroup;
			children = (
				673137AF2113094800839DD0 /* AppDelegate.swift */,
				673137B12113094800839DD0 /* ViewController.swift */,
				673137B32113094800839DD0 /* Main.storyboard */,
				673137B62113094B00839DD0 /* Assets.xcassets */,
				673137B82113094B00839DD0 /* LaunchScreen.storyboard */,
				673137BB2113094C00839DD0 /* Info.plist */,
			);
			path = TestForCircleCi;
			sourceTree = "<group>";
		};
		673137C621135B0500839DD0 /* TestForCircleCiTests */ = {
			isa = PBXGroup;
			children = (
				673137C721135B0500839DD0 /* TestForCircleCiTests.swift */,
				673137C921135B0500839DD0 /* Info.plist */,
			);
			path = TestForCircleCiTests;
			sourceTree = "<group>";
		};
		976C5DF19F15C4414A024271 /* Frameworks */ = {
			isa = PBXGroup;
			children = (
				3E1C7DC3B47A58D63C16F06C /* Pods_TestForCircleCi.framework */,
				762776C03F38431BADF660A3 /* Pods_TestForCircleCiTests.framework */,
			);
			name = Frameworks;
			sourceTree = "<group>";
		};
		D40107981AFC226C9094D45A /* Pods */ = {
			isa = PBXGroup;
			children = (
				BF631455E747E08AA62EFC16 /* Pods-TestForCircleCi.debug.xcconfig */,
				E2CFCEE48DA99B16C59D89D8 /* Pods-TestForCircleCi.release.xcconfig */,
				957A1134827A8C2913EDA257 /* Pods-TestForCircleCiTests.debug.xcconfig */,
				7B2EB340BA3F6798018481D5 /* Pods-TestForCircleCiTests.release.xcconfig */,
			);
			name = Pods;
			sourceTree = "<group>";
		};
/* End PBXGroup section */

/* Begin PBXNativeTarget section */
		673137AB2113094800839DD0 /* TestForCircleCi */ = {
			isa = PBXNativeTarget;
			buildConfigurationList = 673137BE2113094C00839DD0 /* Build configuration list for PBXNativeTarget "TestForCircleCi" */;
			buildPhases = (
				CD7F1E21270EB2E74B632645 /* [CP] Check Pods Manifest.lock */,
				673137A82113094800839DD0 /* Sources */,
				673137A92113094800839DD0 /* Frameworks */,
				673137AA2113094800839DD0 /* Resources */,
				52ABBC1DF7C0B3D5C1AE53B9 /* [CP] Embed Pods Frameworks */,
			);
			buildRules = (
			);
			dependencies = (
			);
			name = TestForCircleCi;
			productName = TestForCircleCi;
			productReference = 673137AC2113094800839DD0 /* TestForCircleCi.app */;
			productType = "com.apple.product-type.application";
		};
		673137C421135B0500839DD0 /* TestForCircleCiTests */ = {
			isa = PBXNativeTarget;
			buildConfigurationList = 673137CE21135B0500839DD0 /* Build configuration list for PBXNativeTarget "TestForCircleCiTests" */;
			buildPhases = (
				A9D2FD58F9BC6DACB3D9E241 /* [CP] Check Pods Manifest.lock */,
				673137C121135B0500839DD0 /* Sources */,
				673137C221135B0500839DD0 /* Frameworks */,
				673137C321135B0500839DD0 /* Resources */,
			);
			buildRules = (
			);
			dependencies = (
				673137CB21135B0500839DD0 /* PBXTargetDependency */,
			);
			name = TestForCircleCiTests;
			productName = TestForCircleCiTests;
			productReference = 673137C521135B0500839DD0 /* TestForCircleCiTests.xctest */;
			productType = "com.apple.product-type.bundle.unit-test";
		};
/* End PBXNativeTarget section */

/* Begin PBXProject section */
		673137A42113094800839DD0 /* Project object */ = {
			isa = PBXProject;
			attributes = {
				LastSwiftUpdateCheck = 0940;
				LastUpgradeCheck = 0940;
				ORGANIZATIONNAME = Optimove;
				TargetAttributes = {
					673137AB2113094800839DD0 = {
						CreatedOnToolsVersion = 9.4.1;
					};
					673137C421135B0500839DD0 = {
						CreatedOnToolsVersion = 9.4.1;
						TestTargetID = 673137AB2113094800839DD0;
					};
				};
			};
			buildConfigurationList = 673137A72113094800839DD0 /* Build configuration list for PBXProject "TestForCircleCi" */;
			compatibilityVersion = "Xcode 9.3";
			developmentRegion = en;
			hasScannedForEncodings = 0;
			knownRegions = (
				en,
				Base,
			);
			mainGroup = 673137A32113094800839DD0;
			productRefGroup = 673137AD2113094800839DD0 /* Products */;
			projectDirPath = "";
			projectRoot = "";
			targets = (
				673137AB2113094800839DD0 /* TestForCircleCi */,
				673137C421135B0500839DD0 /* TestForCircleCiTests */,
			);
		};
/* End PBXProject section */

/* Begin PBXResourcesBuildPhase section */
		673137AA2113094800839DD0 /* Resources */ = {
			isa = PBXResourcesBuildPhase;
			buildActionMask = 2147483647;
			files = (
				673137BA2113094B00839DD0 /* LaunchScreen.storyboard in Resources */,
				673137B72113094B00839DD0 /* Assets.xcassets in Resources */,
				673137B52113094800839DD0 /* Main.storyboard in Resources */,
			);
			runOnlyForDeploymentPostprocessing = 0;
		};
		673137C321135B0500839DD0 /* Resources */ = {
			isa = PBXResourcesBuildPhase;
			buildActionMask = 2147483647;
			files = (
			);
			runOnlyForDeploymentPostprocessing = 0;
		};
/* End PBXResourcesBuildPhase section */

/* Begin PBXShellScriptBuildPhase section */
		52ABBC1DF7C0B3D5C1AE53B9 /* [CP] Embed Pods Frameworks */ = {
			isa = PBXShellScriptBuildPhase;
			buildActionMask = 2147483647;
			files = (
			);
			inputPaths = (
				"${SRCROOT}/Pods/Target Support Files/Pods-TestForCircleCi/Pods-TestForCircleCi-frameworks.sh",
				"${BUILT_PRODUCTS_DIR}/GoogleToolboxForMac/GoogleToolboxForMac.framework",
				"${BUILT_PRODUCTS_DIR}/ObjcExceptionBridging/ObjcExceptionBridging.framework",
				"${BUILT_PRODUCTS_DIR}/OptiTrackCore/OptiTrackCore.framework",
				"${BUILT_PRODUCTS_DIR}/Protobuf/Protobuf.framework",
				"${BUILT_PRODUCTS_DIR}/XCGLogger/XCGLogger.framework",
				"${BUILT_PRODUCTS_DIR}/nanopb/nanopb.framework",
			);
			name = "[CP] Embed Pods Frameworks";
			outputPaths = (
				"${TARGET_BUILD_DIR}/${FRAMEWORKS_FOLDER_PATH}/GoogleToolboxForMac.framework",
				"${TARGET_BUILD_DIR}/${FRAMEWORKS_FOLDER_PATH}/ObjcExceptionBridging.framework",
				"${TARGET_BUILD_DIR}/${FRAMEWORKS_FOLDER_PATH}/OptiTrackCore.framework",
				"${TARGET_BUILD_DIR}/${FRAMEWORKS_FOLDER_PATH}/Protobuf.framework",
				"${TARGET_BUILD_DIR}/${FRAMEWORKS_FOLDER_PATH}/XCGLogger.framework",
				"${TARGET_BUILD_DIR}/${FRAMEWORKS_FOLDER_PATH}/nanopb.framework",
			);
			runOnlyForDeploymentPostprocessing = 0;
			shellPath = /bin/sh;
			shellScript = "\"${SRCROOT}/Pods/Target Support Files/Pods-TestForCircleCi/Pods-TestForCircleCi-frameworks.sh\"\n";
			showEnvVarsInLog = 0;
		};
		A9D2FD58F9BC6DACB3D9E241 /* [CP] Check Pods Manifest.lock */ = {
			isa = PBXShellScriptBuildPhase;
			buildActionMask = 2147483647;
			files = (
			);
			inputPaths = (
				"${PODS_PODFILE_DIR_PATH}/Podfile.lock",
				"${PODS_ROOT}/Manifest.lock",
			);
			name = "[CP] Check Pods Manifest.lock";
			outputPaths = (
				"$(DERIVED_FILE_DIR)/Pods-TestForCircleCiTests-checkManifestLockResult.txt",
			);
			runOnlyForDeploymentPostprocessing = 0;
			shellPath = /bin/sh;
			shellScript = "diff \"${PODS_PODFILE_DIR_PATH}/Podfile.lock\" \"${PODS_ROOT}/Manifest.lock\" > /dev/null\nif [ $? != 0 ] ; then\n    # print error to STDERR\n    echo \"error: The sandbox is not in sync with the Podfile.lock. Run 'pod install' or update your CocoaPods installation.\" >&2\n    exit 1\nfi\n# This output is used by Xcode 'outputs' to avoid re-running this script phase.\necho \"SUCCESS\" > \"${SCRIPT_OUTPUT_FILE_0}\"\n";
			showEnvVarsInLog = 0;
		};
		CD7F1E21270EB2E74B632645 /* [CP] Check Pods Manifest.lock */ = {
			isa = PBXShellScriptBuildPhase;
			buildActionMask = 2147483647;
			files = (
			);
			inputPaths = (
				"${PODS_PODFILE_DIR_PATH}/Podfile.lock",
				"${PODS_ROOT}/Manifest.lock",
			);
			name = "[CP] Check Pods Manifest.lock";
			outputPaths = (
				"$(DERIVED_FILE_DIR)/Pods-TestForCircleCi-checkManifestLockResult.txt",
			);
			runOnlyForDeploymentPostprocessing = 0;
			shellPath = /bin/sh;
			shellScript = "diff \"${PODS_PODFILE_DIR_PATH}/Podfile.lock\" \"${PODS_ROOT}/Manifest.lock\" > /dev/null\nif [ $? != 0 ] ; then\n    # print error to STDERR\n    echo \"error: The sandbox is not in sync with the Podfile.lock. Run 'pod install' or update your CocoaPods installation.\" >&2\n    exit 1\nfi\n# This output is used by Xcode 'outputs' to avoid re-running this script phase.\necho \"SUCCESS\" > \"${SCRIPT_OUTPUT_FILE_0}\"\n";
			showEnvVarsInLog = 0;
		};
/* End PBXShellScriptBuildPhase section */

/* Begin PBXSourcesBuildPhase section */
		673137A82113094800839DD0 /* Sources */ = {
			isa = PBXSourcesBuildPhase;
			buildActionMask = 2147483647;
			files = (
				673137B22113094800839DD0 /* ViewController.swift in Sources */,
				673137B02113094800839DD0 /* AppDelegate.swift in Sources */,
			);
			runOnlyForDeploymentPostprocessing = 0;
		};
		673137C121135B0500839DD0 /* Sources */ = {
			isa = PBXSourcesBuildPhase;
			buildActionMask = 2147483647;
			files = (
				673137C821135B0500839DD0 /* TestForCircleCiTests.swift in Sources */,
			);
			runOnlyForDeploymentPostprocessing = 0;
		};
/* End PBXSourcesBuildPhase section */

/* Begin PBXTargetDependency section */
		673137CB21135B0500839DD0 /* PBXTargetDependency */ = {
			isa = PBXTargetDependency;
			target = 673137AB2113094800839DD0 /* TestForCircleCi */;
			targetProxy = 673137CA21135B0500839DD0 /* PBXContainerItemProxy */;
		};
/* End PBXTargetDependency section */

/* Begin PBXVariantGroup section */
		673137B32113094800839DD0 /* Main.storyboard */ = {
			isa = PBXVariantGroup;
			children = (
				673137B42113094800839DD0 /* Base */,
			);
			name = Main.storyboard;
			sourceTree = "<group>";
		};
		673137B82113094B00839DD0 /* LaunchScreen.storyboard */ = {
			isa = PBXVariantGroup;
			children = (
				673137B92113094B00839DD0 /* Base */,
			);
			name = LaunchScreen.storyboard;
			sourceTree = "<group>";
		};
/* End PBXVariantGroup section */

/* Begin XCBuildConfiguration section */
		673137BC2113094C00839DD0 /* Debug */ = {
			isa = XCBuildConfiguration;
			buildSettings = {
				ALWAYS_SEARCH_USER_PATHS = NO;
				CLANG_ANALYZER_NONNULL = YES;
				CLANG_ANALYZER_NUMBER_OBJECT_CONVERSION = YES_AGGRESSIVE;
				CLANG_CXX_LANGUAGE_STANDARD = "gnu++14";
				CLANG_CXX_LIBRARY = "libc++";
				CLANG_ENABLE_MODULES = YES;
				CLANG_ENABLE_OBJC_ARC = YES;
				CLANG_ENABLE_OBJC_WEAK = YES;
				CLANG_WARN_BLOCK_CAPTURE_AUTORELEASING = YES;
				CLANG_WARN_BOOL_CONVERSION = YES;
				CLANG_WARN_COMMA = YES;
				CLANG_WARN_CONSTANT_CONVERSION = YES;
				CLANG_WARN_DEPRECATED_OBJC_IMPLEMENTATIONS = YES;
				CLANG_WARN_DIRECT_OBJC_ISA_USAGE = YES_ERROR;
				CLANG_WARN_DOCUMENTATION_COMMENTS = YES;
				CLANG_WARN_EMPTY_BODY = YES;
				CLANG_WARN_ENUM_CONVERSION = YES;
				CLANG_WARN_INFINITE_RECURSION = YES;
				CLANG_WARN_INT_CONVERSION = YES;
				CLANG_WARN_NON_LITERAL_NULL_CONVERSION = YES;
				CLANG_WARN_OBJC_IMPLICIT_RETAIN_SELF = YES;
				CLANG_WARN_OBJC_LITERAL_CONVERSION = YES;
				CLANG_WARN_OBJC_ROOT_CLASS = YES_ERROR;
				CLANG_WARN_RANGE_LOOP_ANALYSIS = YES;
				CLANG_WARN_STRICT_PROTOTYPES = YES;
				CLANG_WARN_SUSPICIOUS_MOVE = YES;
				CLANG_WARN_UNGUARDED_AVAILABILITY = YES_AGGRESSIVE;
				CLANG_WARN_UNREACHABLE_CODE = YES;
				CLANG_WARN__DUPLICATE_METHOD_MATCH = YES;
				CODE_SIGN_IDENTITY = "iPhone Developer";
				COPY_PHASE_STRIP = NO;
				DEBUG_INFORMATION_FORMAT = dwarf;
				ENABLE_STRICT_OBJC_MSGSEND = YES;
				ENABLE_TESTABILITY = YES;
				GCC_C_LANGUAGE_STANDARD = gnu11;
				GCC_DYNAMIC_NO_PIC = NO;
				GCC_NO_COMMON_BLOCKS = YES;
				GCC_OPTIMIZATION_LEVEL = 0;
				GCC_PREPROCESSOR_DEFINITIONS = (
					"DEBUG=1",
					"$(inherited)",
				);
				GCC_WARN_64_TO_32_BIT_CONVERSION = YES;
				GCC_WARN_ABOUT_RETURN_TYPE = YES_ERROR;
				GCC_WARN_UNDECLARED_SELECTOR = YES;
				GCC_WARN_UNINITIALIZED_AUTOS = YES_AGGRESSIVE;
				GCC_WARN_UNUSED_FUNCTION = YES;
				GCC_WARN_UNUSED_VARIABLE = YES;
				IPHONEOS_DEPLOYMENT_TARGET = 11.4;
				MTL_ENABLE_DEBUG_INFO = YES;
				ONLY_ACTIVE_ARCH = YES;
				SDKROOT = iphoneos;
				SWIFT_ACTIVE_COMPILATION_CONDITIONS = DEBUG;
				SWIFT_OPTIMIZATION_LEVEL = "-Onone";
			};
			name = Debug;
		};
		673137BD2113094C00839DD0 /* Release */ = {
			isa = XCBuildConfiguration;
			buildSettings = {
				ALWAYS_SEARCH_USER_PATHS = NO;
				CLANG_ANALYZER_NONNULL = YES;
				CLANG_ANALYZER_NUMBER_OBJECT_CONVERSION = YES_AGGRESSIVE;
				CLANG_CXX_LANGUAGE_STANDARD = "gnu++14";
				CLANG_CXX_LIBRARY = "libc++";
				CLANG_ENABLE_MODULES = YES;
				CLANG_ENABLE_OBJC_ARC = YES;
				CLANG_ENABLE_OBJC_WEAK = YES;
				CLANG_WARN_BLOCK_CAPTURE_AUTORELEASING = YES;
				CLANG_WARN_BOOL_CONVERSION = YES;
				CLANG_WARN_COMMA = YES;
				CLANG_WARN_CONSTANT_CONVERSION = YES;
				CLANG_WARN_DEPRECATED_OBJC_IMPLEMENTATIONS = YES;
				CLANG_WARN_DIRECT_OBJC_ISA_USAGE = YES_ERROR;
				CLANG_WARN_DOCUMENTATION_COMMENTS = YES;
				CLANG_WARN_EMPTY_BODY = YES;
				CLANG_WARN_ENUM_CONVERSION = YES;
				CLANG_WARN_INFINITE_RECURSION = YES;
				CLANG_WARN_INT_CONVERSION = YES;
				CLANG_WARN_NON_LITERAL_NULL_CONVERSION = YES;
				CLANG_WARN_OBJC_IMPLICIT_RETAIN_SELF = YES;
				CLANG_WARN_OBJC_LITERAL_CONVERSION = YES;
				CLANG_WARN_OBJC_ROOT_CLASS = YES_ERROR;
				CLANG_WARN_RANGE_LOOP_ANALYSIS = YES;
				CLANG_WARN_STRICT_PROTOTYPES = YES;
				CLANG_WARN_SUSPICIOUS_MOVE = YES;
				CLANG_WARN_UNGUARDED_AVAILABILITY = YES_AGGRESSIVE;
				CLANG_WARN_UNREACHABLE_CODE = YES;
				CLANG_WARN__DUPLICATE_METHOD_MATCH = YES;
				CODE_SIGN_IDENTITY = "iPhone Developer";
				COPY_PHASE_STRIP = NO;
				DEBUG_INFORMATION_FORMAT = "dwarf-with-dsym";
				ENABLE_NS_ASSERTIONS = NO;
				ENABLE_STRICT_OBJC_MSGSEND = YES;
				GCC_C_LANGUAGE_STANDARD = gnu11;
				GCC_NO_COMMON_BLOCKS = YES;
				GCC_WARN_64_TO_32_BIT_CONVERSION = YES;
				GCC_WARN_ABOUT_RETURN_TYPE = YES_ERROR;
				GCC_WARN_UNDECLARED_SELECTOR = YES;
				GCC_WARN_UNINITIALIZED_AUTOS = YES_AGGRESSIVE;
				GCC_WARN_UNUSED_FUNCTION = YES;
				GCC_WARN_UNUSED_VARIABLE = YES;
				IPHONEOS_DEPLOYMENT_TARGET = 11.4;
				MTL_ENABLE_DEBUG_INFO = NO;
				SDKROOT = iphoneos;
				SWIFT_COMPILATION_MODE = wholemodule;
				SWIFT_OPTIMIZATION_LEVEL = "-O";
				VALIDATE_PRODUCT = YES;
			};
			name = Release;
		};
		673137BF2113094C00839DD0 /* Debug */ = {
			isa = XCBuildConfiguration;
			baseConfigurationReference = BF631455E747E08AA62EFC16 /* Pods-TestForCircleCi.debug.xcconfig */;
			buildSettings = {
				ASSETCATALOG_COMPILER_APPICON_NAME = AppIcon;
				CODE_SIGN_STYLE = Automatic;
				DEVELOPMENT_TEAM = LDTF4M4FTC;
				INFOPLIST_FILE = TestForCircleCi/Info.plist;
				LD_RUNPATH_SEARCH_PATHS = (
					"$(inherited)",
					"@executable_path/Frameworks",
				);
				PRODUCT_BUNDLE_IDENTIFIER = com.optimove.sdk.TestForCircleCi;
				PRODUCT_NAME = "$(TARGET_NAME)";
				SWIFT_VERSION = 4.0;
				TARGETED_DEVICE_FAMILY = "1,2";
			};
			name = Debug;
		};
		673137C02113094C00839DD0 /* Release */ = {
			isa = XCBuildConfiguration;
			baseConfigurationReference = E2CFCEE48DA99B16C59D89D8 /* Pods-TestForCircleCi.release.xcconfig */;
			buildSettings = {
				ASSETCATALOG_COMPILER_APPICON_NAME = AppIcon;
				CODE_SIGN_STYLE = Automatic;
				DEVELOPMENT_TEAM = LDTF4M4FTC;
				INFOPLIST_FILE = TestForCircleCi/Info.plist;
				LD_RUNPATH_SEARCH_PATHS = (
					"$(inherited)",
					"@executable_path/Frameworks",
				);
				PRODUCT_BUNDLE_IDENTIFIER = com.optimove.sdk.TestForCircleCi;
				PRODUCT_NAME = "$(TARGET_NAME)";
				SWIFT_VERSION = 4.0;
				TARGETED_DEVICE_FAMILY = "1,2";
			};
			name = Release;
		};
		673137CC21135B0500839DD0 /* Debug */ = {
			isa = XCBuildConfiguration;
			baseConfigurationReference = 957A1134827A8C2913EDA257 /* Pods-TestForCircleCiTests.debug.xcconfig */;
			buildSettings = {
				BUNDLE_LOADER = "$(TEST_HOST)";
				CODE_SIGN_STYLE = Automatic;
				DEVELOPMENT_TEAM = LDTF4M4FTC;
				INFOPLIST_FILE = TestForCircleCiTests/Info.plist;
				LD_RUNPATH_SEARCH_PATHS = (
					"$(inherited)",
					"@executable_path/Frameworks",
					"@loader_path/Frameworks",
				);
				PRODUCT_BUNDLE_IDENTIFIER = com.optimove.sdk.TestForCircleCiTests;
				PRODUCT_NAME = "$(TARGET_NAME)";
				SWIFT_VERSION = 4.0;
				TARGETED_DEVICE_FAMILY = "1,2";
				TEST_HOST = "$(BUILT_PRODUCTS_DIR)/TestForCircleCi.app/TestForCircleCi";
			};
			name = Debug;
		};
		673137CD21135B0500839DD0 /* Release */ = {
			isa = XCBuildConfiguration;
			baseConfigurationReference = 7B2EB340BA3F6798018481D5 /* Pods-TestForCircleCiTests.release.xcconfig */;
			buildSettings = {
				BUNDLE_LOADER = "$(TEST_HOST)";
				CODE_SIGN_STYLE = Automatic;
				DEVELOPMENT_TEAM = LDTF4M4FTC;
				INFOPLIST_FILE = TestForCircleCiTests/Info.plist;
				LD_RUNPATH_SEARCH_PATHS = (
					"$(inherited)",
					"@executable_path/Frameworks",
					"@loader_path/Frameworks",
				);
				PRODUCT_BUNDLE_IDENTIFIER = com.optimove.sdk.TestForCircleCiTests;
				PRODUCT_NAME = "$(TARGET_NAME)";
				SWIFT_VERSION = 4.0;
				TARGETED_DEVICE_FAMILY = "1,2";
				TEST_HOST = "$(BUILT_PRODUCTS_DIR)/TestForCircleCi.app/TestForCircleCi";
			};
			name = Release;
		};
/* End XCBuildConfiguration section */

/* Begin XCConfigurationList section */
		673137A72113094800839DD0 /* Build configuration list for PBXProject "TestForCircleCi" */ = {
			isa = XCConfigurationList;
			buildConfigurations = (
				673137BC2113094C00839DD0 /* Debug */,
				673137BD2113094C00839DD0 /* Release */,
			);
			defaultConfigurationIsVisible = 0;
			defaultConfigurationName = Release;
		};
		673137BE2113094C00839DD0 /* Build configuration list for PBXNativeTarget "TestForCircleCi" */ = {
			isa = XCConfigurationList;
			buildConfigurations = (
				673137BF2113094C00839DD0 /* Debug */,
				673137C02113094C00839DD0 /* Release */,
			);
			defaultConfigurationIsVisible = 0;
			defaultConfigurationName = Release;
		};
		673137CE21135B0500839DD0 /* Build configuration list for PBXNativeTarget "TestForCircleCiTests" */ = {
			isa = XCConfigurationList;
			buildConfigurations = (
				673137CC21135B0500839DD0 /* Debug */,
				673137CD21135B0500839DD0 /* Release */,
			);
			defaultConfigurationIsVisible = 0;
			defaultConfigurationName = Release;
		};
/* End XCConfigurationList section */
	};
	rootObject = 673137A42113094800839DD0 /* Project object */;
}
